
Microsoft Visual Studio Solution File, Format Version 12.00
# Visual Studio Version 16
VisualStudioVersion = 16.0.29613.14
MinimumVisualStudioVersion = 10.0.40219.1
Project("{FAE04EC0-301F-11D3-BF4B-00C04F79EFBC}") = "my_blog", "my_blog.csproj", "{94B2F3CD-7A98-480C-817B-F602A5F2AA9A}"
EndProject
Global
	GlobalSection(SolutionConfigurationPlatforms) = preSolution
		Debug|Any CPU = Debug|Any CPU
		Release|Any CPU = Release|Any CPU
	EndGlobalSection
	GlobalSection(ProjectConfigurationPlatforms) = postSolution
		{94B2F3CD-7A98-480C-817B-F602A5F2AA9A}.Debug|Any CPU.ActiveCfg = Debug|Any CPU
		{94B2F3CD-7A98-480C-817B-F602A5F2AA9A}.Debug|Any CPU.Build.0 = Debug|Any CPU
		{94B2F3CD-7A98-480C-817B-F602A5F2AA9A}.Release|Any CPU.ActiveCfg = Release|Any CPU
		{94B2F3CD-7A98-480C-817B-F602A5F2AA9A}.Release|Any CPU.Build.0 = Release|Any CPU
	EndGlobalSection
	GlobalSection(SolutionProperties) = preSolution
		HideSolutionNode = FALSE
	EndGlobalSection
	GlobalSection(ExtensibilityGlobals) = postSolution
		SolutionGuid = {76E9739F-995F-4571-8955-0AC1DF92B8CB}
	EndGlobalSection
EndGlobal
